{
  "name": "kitt-core",
  "version": "1.0.0",
  "lockfileVersion": 2,
  "requires": true,
  "packages": {
    "": {
      "name": "kitt-core",
      "version": "1.0.0",
      "license": "ISC",
      "dependencies": {
        "ask-sdk-core": "^2.0.0",
        "ask-sdk-model": "^1.0.0"
      }
    },
    "node_modules/ask-sdk-core": {
      "version": "2.11.0",
      "resolved": "https://registry.npmjs.org/ask-sdk-core/-/ask-sdk-core-2.11.0.tgz",
      "integrity": "sha512-NBhVNiLuDLRb34vMCuJIe30lK5lb0+y7UkGti9BVZPvkiKkXTxYAjG/tZyGGYqeu3ZAltwvMTUjZB+aTkRyk2g==",
      "dependencies": {
        "ask-sdk-runtime": "^2.10.2"
      },
      "peerDependencies": {
        "ask-sdk-model": "^1.29.0"
      }
    },
    "node_modules/ask-sdk-model": {
      "version": "1.36.1",
      "resolved": "https://registry.npmjs.org/ask-sdk-model/-/ask-sdk-model-1.36.1.tgz",
      "integrity": "sha512-CTN+COPJE/ZZ9WeOq812rFhF+P4BF/fTAYDFUkFlDNa7mRd1ZzT0PxdnpxW3a6xCHnOpGOwFJSBnWFQmi1wDhQ=="
    },
    "node_modules/ask-sdk-runtime": {
      "version": "2.10.2",
      "resolved": "https://registry.npmjs.org/ask-sdk-runtime/-/ask-sdk-runtime-2.10.2.tgz",
      "integrity": "sha512-pe9xbhQzkRGrrWT/pRceoREmVLKw33C7Z00mC4mKZEOrO4vjjrUAXNIALPKIy/gpqMTB00N0H77vLtzZVH21Sg=="
    }
  },
  "dependencies": {
    "ask-sdk-core": {
      "version": "2.11.0",
      "resolved": "https://registry.npmjs.org/ask-sdk-core/-/ask-sdk-core-2.11.0.tgz",
      "integrity": "sha512-NBhVNiLuDLRb34vMCuJIe30lK5lb0+y7UkGti9BVZPvkiKkXTxYAjG/tZyGGYqeu3ZAltwvMTUjZB+aTkRyk2g==",
      "requires": {
        "ask-sdk-runtime": "^2.10.2"
      }
    },
    "ask-sdk-model": {
      "version": "1.36.1",
      "resolved": "https://registry.npmjs.org/ask-sdk-model/-/ask-sdk-model-1.36.1.tgz",
      "integrity": "sha512-CTN+COPJE/ZZ9WeOq812rFhF+P4BF/fTAYDFUkFlDNa7mRd1ZzT0PxdnpxW3a6xCHnOpGOwFJSBnWFQmi1wDhQ=="
    },
    "ask-sdk-runtime": {
      "version": "2.10.2",
      "resolved": "https://registry.npmjs.org/ask-sdk-runtime/-/ask-sdk-runtime-2.10.2.tgz",
      "integrity": "sha512-pe9xbhQzkRGrrWT/pRceoREmVLKw33C7Z00mC4mKZEOrO4vjjrUAXNIALPKIy/gpqMTB00N0H77vLtzZVH21Sg=="
    }
  }
}
